
Microsoft Visual Studio Solution File, Format Version 12.00
# Visual Studio 2017
Project("{FAE04EC0-301F-11D3-BF4B-00C04F79EFBC}") = "MicroIIICorrelation", "MicroIIICorrelation.csproj", "{DC9372E5-3636-68B1-5BDC-A1C0306CCFA8}"
EndProject
Global
	GlobalSection(SolutionConfigurationPlatforms) = preSolution
		Debug|Any CPU = Debug|Any CPU
		Release|Any CPU = Release|Any CPU
	EndGlobalSection
	GlobalSection(ProjectConfigurationPlatforms) = postSolution
		{DC9372E5-3636-68B1-5BDC-A1C0306CCFA8}.Debug|Any CPU.ActiveCfg = Debug|Any CPU
		{DC9372E5-3636-68B1-5BDC-A1C0306CCFA8}.Debug|Any CPU.Build.0 = Debug|Any CPU
		{DC9372E5-3636-68B1-5BDC-A1C0306CCFA8}.Release|Any CPU.ActiveCfg = Release|Any CPU
		{DC9372E5-3636-68B1-5BDC-A1C0306CCFA8}.Release|Any CPU.Build.0 = Release|Any CPU
	EndGlobalSection
	GlobalSection(SolutionProperties) = preSolution
		HideSolutionNode = FALSE
	EndGlobalSection
EndGlobal
